// !$*UTF8*$!
{
	archiveVersion = 1;
	classes = {
	};
	objectVersion = 56;
	objects = {

/* Begin PBXBuildFile section */
		460B897E2B7E9F69000317BA /* DraughtsApp.swift in Sources */ = {isa = PBXBuildFile; fileRef = 460B897D2B7E9F69000317BA /* DraughtsApp.swift */; };
		460B89802B7E9F69000317BA /* WelcomeView.swift in Sources */ = {isa = PBXBuildFile; fileRef = 460B897F2B7E9F69000317BA /* WelcomeView.swift */; };
		460B89822B7E9F6D000317BA /* Assets.xcassets in Resources */ = {isa = PBXBuildFile; fileRef = 460B89812B7E9F6D000317BA /* Assets.xcassets */; };
		460B89852B7E9F6D000317BA /* Preview Assets.xcassets in Resources */ = {isa = PBXBuildFile; fileRef = 460B89842B7E9F6D000317BA /* Preview Assets.xcassets */; };
		460B898F2B7E9F6D000317BA /* DraughtsTests.swift in Sources */ = {isa = PBXBuildFile; fileRef = 460B898E2B7E9F6D000317BA /* DraughtsTests.swift */; };
		460B89992B7E9F6D000317BA /* DraughtsUITests.swift in Sources */ = {isa = PBXBuildFile; fileRef = 460B89982B7E9F6D000317BA /* DraughtsUITests.swift */; };
		460B899B2B7E9F6D000317BA /* DraughtsUITestsLaunchTests.swift in Sources */ = {isa = PBXBuildFile; fileRef = 460B899A2B7E9F6D000317BA /* DraughtsUITestsLaunchTests.swift */; };
		460B89E02B87C7A3000317BA /* GameModeView.swift in Sources */ = {isa = PBXBuildFile; fileRef = 460B89DF2B87C7A3000317BA /* GameModeView.swift */; };
		460B89E22B87C807000317BA /* StatsView.swift in Sources */ = {isa = PBXBuildFile; fileRef = 460B89E12B87C807000317BA /* StatsView.swift */; };
		460B89E42B87C955000317BA /* BoardView.swift in Sources */ = {isa = PBXBuildFile; fileRef = 460B89E32B87C955000317BA /* BoardView.swift */; };
		4615BAF12B87CCF200CFEE93 /* Utils.swift in Sources */ = {isa = PBXBuildFile; fileRef = 4615BAF02B87CCF200CFEE93 /* Utils.swift */; };
		4623BF842B91006200BF1E62 /* UserProfile.swift in Sources */ = {isa = PBXBuildFile; fileRef = 4623BF832B91006200BF1E62 /* UserProfile.swift */; };
/* End PBXBuildFile section */

/* Begin PBXContainerItemProxy section */
		460B898B2B7E9F6D000317BA /* PBXContainerItemProxy */ = {
			isa = PBXContainerItemProxy;
			containerPortal = 460B89722B7E9F69000317BA /* Project object */;
			proxyType = 1;
			remoteGlobalIDString = 460B89792B7E9F69000317BA;
			remoteInfo = Draughts;
		};
		460B89952B7E9F6D000317BA /* PBXContainerItemProxy */ = {
			isa = PBXContainerItemProxy;
			containerPortal = 460B89722B7E9F69000317BA /* Project object */;
			proxyType = 1;
			remoteGlobalIDString = 460B89792B7E9F69000317BA;
			remoteInfo = Draughts;
		};
/* End PBXContainerItemProxy section */

/* Begin PBXFileReference section */
		460B897A2B7E9F69000317BA /* Draughts.app */ = {isa = PBXFileReference; explicitFileType = wrapper.application; includeInIndex = 0; path = Draughts.app; sourceTree = BUILT_PRODUCTS_DIR; };
		460B897D2B7E9F69000317BA /* DraughtsApp.swift */ = {isa = PBXFileReference; lastKnownFileType = sourcecode.swift; path = DraughtsApp.swift; sourceTree = "<group>"; };
		460B897F2B7E9F69000317BA /* WelcomeView.swift */ = {isa = PBXFileReference; lastKnownFileType = sourcecode.swift; path = WelcomeView.swift; sourceTree = "<group>"; };
		460B89812B7E9F6D000317BA /* Assets.xcassets */ = {isa = PBXFileReference; lastKnownFileType = folder.assetcatalog; path = Assets.xcassets; sourceTree = "<group>"; };
		460B89842B7E9F6D000317BA /* Preview Assets.xcassets */ = {isa = PBXFileReference; lastKnownFileType = folder.assetcatalog; path = "Preview Assets.xcassets"; sourceTree = "<group>"; };
		460B898A2B7E9F6D000317BA /* DraughtsTests.xctest */ = {isa = PBXFileReference; explicitFileType = wrapper.cfbundle; includeInIndex = 0; path = DraughtsTests.xctest; sourceTree = BUILT_PRODUCTS_DIR; };
		460B898E2B7E9F6D000317BA /* DraughtsTests.swift */ = {isa = PBXFileReference; lastKnownFileType = sourcecode.swift; path = DraughtsTests.swift; sourceTree = "<group>"; };
		460B89942B7E9F6D000317BA /* DraughtsUITests.xctest */ = {isa = PBXFileReference; explicitFileType = wrapper.cfbundle; includeInIndex = 0; path = DraughtsUITests.xctest; sourceTree = BUILT_PRODUCTS_DIR; };
		460B89982B7E9F6D000317BA /* DraughtsUITests.swift */ = {isa = PBXFileReference; lastKnownFileType = sourcecode.swift; path = DraughtsUITests.swift; sourceTree = "<group>"; };
		460B899A2B7E9F6D000317BA /* DraughtsUITestsLaunchTests.swift */ = {isa = PBXFileReference; lastKnownFileType = sourcecode.swift; path = DraughtsUITestsLaunchTests.swift; sourceTree = "<group>"; };
		460B89DF2B87C7A3000317BA /* GameModeView.swift */ = {isa = PBXFileReference; lastKnownFileType = sourcecode.swift; path = GameModeView.swift; sourceTree = "<group>"; };
		460B89E12B87C807000317BA /* StatsView.swift */ = {isa = PBXFileReference; lastKnownFileType = sourcecode.swift; path = StatsView.swift; sourceTree = "<group>"; };
		460B89E32B87C955000317BA /* BoardView.swift */ = {isa = PBXFileReference; lastKnownFileType = sourcecode.swift; path = BoardView.swift; sourceTree = "<group>"; };
		4615BAF02B87CCF200CFEE93 /* Utils.swift */ = {isa = PBXFileReference; lastKnownFileType = sourcecode.swift; path = Utils.swift; sourceTree = "<group>"; };
		4623BF832B91006200BF1E62 /* UserProfile.swift */ = {isa = PBXFileReference; lastKnownFileType = sourcecode.swift; path = UserProfile.swift; sourceTree = "<group>"; };
/* End PBXFileReference section */

/* Begin PBXFrameworksBuildPhase section */
		460B89772B7E9F69000317BA /* Frameworks */ = {
			isa = PBXFrameworksBuildPhase;
			buildActionMask = 2147483647;
			files = (
			);
			runOnlyForDeploymentPostprocessing = 0;
		};
		460B89872B7E9F6D000317BA /* Frameworks */ = {
			isa = PBXFrameworksBuildPhase;
			buildActionMask = 2147483647;
			files = (
			);
			runOnlyForDeploymentPostprocessing = 0;
		};
		460B89912B7E9F6D000317BA /* Frameworks */ = {
			isa = PBXFrameworksBuildPhase;
			buildActionMask = 2147483647;
			files = (
			);
			runOnlyForDeploymentPostprocessing = 0;
		};
/* End PBXFrameworksBuildPhase section */

/* Begin PBXGroup section */
		460B89712B7E9F69000317BA = {
			isa = PBXGroup;
			children = (
				460B897C2B7E9F69000317BA /* Draughts */,
				460B898D2B7E9F6D000317BA /* DraughtsTests */,
				460B89972B7E9F6D000317BA /* DraughtsUITests */,
				460B897B2B7E9F69000317BA /* Products */,
			);
			sourceTree = "<group>";
		};
		460B897B2B7E9F69000317BA /* Products */ = {
			isa = PBXGroup;
			children = (
				460B897A2B7E9F69000317BA /* Draughts.app */,
				460B898A2B7E9F6D000317BA /* DraughtsTests.xctest */,
				460B89942B7E9F6D000317BA /* DraughtsUITests.xctest */,
			);
			name = Products;
			sourceTree = "<group>";
		};
		460B897C2B7E9F69000317BA /* Draughts */ = {
			isa = PBXGroup;
			children = (
				460B89DE2B87C624000317BA /* models */,
				460B89DD2B87C615000317BA /* views */,
				460B897D2B7E9F69000317BA /* DraughtsApp.swift */,
				460B89812B7E9F6D000317BA /* Assets.xcassets */,
				460B89832B7E9F6D000317BA /* Preview Content */,
			);
			path = Draughts;
			sourceTree = "<group>";
		};
		460B89832B7E9F6D000317BA /* Preview Content */ = {
			isa = PBXGroup;
			children = (
				460B89842B7E9F6D000317BA /* Preview Assets.xcassets */,
			);
			path = "Preview Content";
			sourceTree = "<group>";
		};
		460B898D2B7E9F6D000317BA /* DraughtsTests */ = {
			isa = PBXGroup;
			children = (
				460B898E2B7E9F6D000317BA /* DraughtsTests.swift */,
			);
			path = DraughtsTests;
			sourceTree = "<group>";
		};
		460B89972B7E9F6D000317BA /* DraughtsUITests */ = {
			isa = PBXGroup;
			children = (
				460B89982B7E9F6D000317BA /* DraughtsUITests.swift */,
				460B899A2B7E9F6D000317BA /* DraughtsUITestsLaunchTests.swift */,
			);
			path = DraughtsUITests;
			sourceTree = "<group>";
		};
		460B89DD2B87C615000317BA /* views */ = {
			isa = PBXGroup;
			children = (
				460B897F2B7E9F69000317BA /* WelcomeView.swift */,
				460B89DF2B87C7A3000317BA /* GameModeView.swift */,
				460B89E12B87C807000317BA /* StatsView.swift */,
				460B89E32B87C955000317BA /* BoardView.swift */,
			);
			path = views;
			sourceTree = "<group>";
		};
		460B89DE2B87C624000317BA /* models */ = {
			isa = PBXGroup;
			children = (
				4615BAF02B87CCF200CFEE93 /* Utils.swift */,
				4623BF832B91006200BF1E62 /* UserProfile.swift */,
			);
			path = models;
			sourceTree = "<group>";
		};
/* End PBXGroup section */

/* Begin PBXNativeTarget section */
		460B89792B7E9F69000317BA /* Draughts */ = {
			isa = PBXNativeTarget;
			buildConfigurationList = 460B899E2B7E9F6D000317BA /* Build configuration list for PBXNativeTarget "Draughts" */;
			buildPhases = (
				460B89762B7E9F69000317BA /* Sources */,
				460B89772B7E9F69000317BA /* Frameworks */,
				460B89782B7E9F69000317BA /* Resources */,
			);
			buildRules = (
			);
			dependencies = (
			);
			name = Draughts;
			productName = Draughts;
			productReference = 460B897A2B7E9F69000317BA /* Draughts.app */;
			productType = "com.apple.product-type.application";
		};
		460B89892B7E9F6D000317BA /* DraughtsTests */ = {
			isa = PBXNativeTarget;
			buildConfigurationList = 460B89A12B7E9F6D000317BA /* Build configuration list for PBXNativeTarget "DraughtsTests" */;
			buildPhases = (
				460B89862B7E9F6D000317BA /* Sources */,
				460B89872B7E9F6D000317BA /* Frameworks */,
				460B89882B7E9F6D000317BA /* Resources */,
			);
			buildRules = (
			);
			dependencies = (
				460B898C2B7E9F6D000317BA /* PBXTargetDependency */,
			);
			name = DraughtsTests;
			productName = DraughtsTests;
			productReference = 460B898A2B7E9F6D000317BA /* DraughtsTests.xctest */;
			productType = "com.apple.product-type.bundle.unit-test";
		};
		460B89932B7E9F6D000317BA /* DraughtsUITests */ = {
			isa = PBXNativeTarget;
			buildConfigurationList = 460B89A42B7E9F6D000317BA /* Build configuration list for PBXNativeTarget "DraughtsUITests" */;
			buildPhases = (
				460B89902B7E9F6D000317BA /* Sources */,
				460B89912B7E9F6D000317BA /* Frameworks */,
				460B89922B7E9F6D000317BA /* Resources */,
			);
			buildRules = (
			);
			dependencies = (
				460B89962B7E9F6D000317BA /* PBXTargetDependency */,
			);
			name = DraughtsUITests;
			productName = DraughtsUITests;
			productReference = 460B89942B7E9F6D000317BA /* DraughtsUITests.xctest */;
			productType = "com.apple.product-type.bundle.ui-testing";
		};
/* End PBXNativeTarget section */

/* Begin PBXProject section */
		460B89722B7E9F69000317BA /* Project object */ = {
			isa = PBXProject;
			attributes = {
				BuildIndependentTargetsInParallel = 1;
				LastSwiftUpdateCheck = 1520;
				LastUpgradeCheck = 1520;
				TargetAttributes = {
					460B89792B7E9F69000317BA = {
						CreatedOnToolsVersion = 15.2;
					};
					460B89892B7E9F6D000317BA = {
						CreatedOnToolsVersion = 15.2;
						TestTargetID = 460B89792B7E9F69000317BA;
					};
					460B89932B7E9F6D000317BA = {
						CreatedOnToolsVersion = 15.2;
						TestTargetID = 460B89792B7E9F69000317BA;
					};
				};
			};
			buildConfigurationList = 460B89752B7E9F69000317BA /* Build configuration list for PBXProject "Draughts" */;
			compatibilityVersion = "Xcode 14.0";
			developmentRegion = en;
			hasScannedForEncodings = 0;
			knownRegions = (
				en,
				Base,
			);
			mainGroup = 460B89712B7E9F69000317BA;
			productRefGroup = 460B897B2B7E9F69000317BA /* Products */;
			projectDirPath = "";
			projectRoot = "";
			targets = (
				460B89792B7E9F69000317BA /* Draughts */,
				460B89892B7E9F6D000317BA /* DraughtsTests */,
				460B89932B7E9F6D000317BA /* DraughtsUITests */,
			);
		};
/* End PBXProject section */

/* Begin PBXResourcesBuildPhase section */
		460B89782B7E9F69000317BA /* Resources */ = {
			isa = PBXResourcesBuildPhase;
			buildActionMask = 2147483647;
			files = (
				460B89852B7E9F6D000317BA /* Preview Assets.xcassets in Resources */,
				460B89822B7E9F6D000317BA /* Assets.xcassets in Resources */,
			);
			runOnlyForDeploymentPostprocessing = 0;
		};
		460B89882B7E9F6D000317BA /* Resources */ = {
			isa = PBXResourcesBuildPhase;
			buildActionMask = 2147483647;
			files = (
			);
			runOnlyForDeploymentPostprocessing = 0;
		};
		460B89922B7E9F6D000317BA /* Resources */ = {
			isa = PBXResourcesBuildPhase;
			buildActionMask = 2147483647;
			files = (
			);
			runOnlyForDeploymentPostprocessing = 0;
		};
/* End PBXResourcesBuildPhase section */

/* Begin PBXSourcesBuildPhase section */
		460B89762B7E9F69000317BA /* Sources */ = {
			isa = PBXSourcesBuildPhase;
			buildActionMask = 2147483647;
			files = (
				460B89E22B87C807000317BA /* StatsView.swift in Sources */,
				460B89E02B87C7A3000317BA /* GameModeView.swift in Sources */,
				4623BF842B91006200BF1E62 /* UserProfile.swift in Sources */,
				460B89E42B87C955000317BA /* BoardView.swift in Sources */,
				460B89802B7E9F69000317BA /* WelcomeView.swift in Sources */,
				460B897E2B7E9F69000317BA /* DraughtsApp.swift in Sources */,
				4615BAF12B87CCF200CFEE93 /* Utils.swift in Sources */,
			);
			runOnlyForDeploymentPostprocessing = 0;
		};
		460B89862B7E9F6D000317BA /* Sources */ = {
			isa = PBXSourcesBuildPhase;
			buildActionMask = 2147483647;
			files = (
				460B898F2B7E9F6D000317BA /* DraughtsTests.swift in Sources */,
			);
			runOnlyForDeploymentPostprocessing = 0;
		};
		460B89902B7E9F6D000317BA /* Sources */ = {
			isa = PBXSourcesBuildPhase;
			buildActionMask = 2147483647;
			files = (
				460B899B2B7E9F6D000317BA /* DraughtsUITestsLaunchTests.swift in Sources */,
				460B89992B7E9F6D000317BA /* DraughtsUITests.swift in Sources */,
			);
			runOnlyForDeploymentPostprocessing = 0;
		};
/* End PBXSourcesBuildPhase section */

/* Begin PBXTargetDependency section */
		460B898C2B7E9F6D000317BA /* PBXTargetDependency */ = {
			isa = PBXTargetDependency;
			target = 460B89792B7E9F69000317BA /* Draughts */;
			targetProxy = 460B898B2B7E9F6D000317BA /* PBXContainerItemProxy */;
		};
		460B89962B7E9F6D000317BA /* PBXTargetDependency */ = {
			isa = PBXTargetDependency;
			target = 460B89792B7E9F69000317BA /* Draughts */;
			targetProxy = 460B89952B7E9F6D000317BA /* PBXContainerItemProxy */;
		};
/* End PBXTargetDependency section */

/* Begin XCBuildConfiguration section */
		460B899C2B7E9F6D000317BA /* Debug */ = {
			isa = XCBuildConfiguration;
			buildSettings = {
				ALWAYS_SEARCH_USER_PATHS = NO;
				ASSETCATALOG_COMPILER_GENERATE_SWIFT_ASSET_SYMBOL_EXTENSIONS = YES;
				CLANG_ANALYZER_NONNULL = YES;
				CLANG_ANALYZER_NUMBER_OBJECT_CONVERSION = YES_AGGRESSIVE;
				CLANG_CXX_LANGUAGE_STANDARD = "gnu++20";
				CLANG_ENABLE_MODULES = YES;
				CLANG_ENABLE_OBJC_ARC = YES;
				CLANG_ENABLE_OBJC_WEAK = YES;
				CLANG_WARN_BLOCK_CAPTURE_AUTORELEASING = YES;
				CLANG_WARN_BOOL_CONVERSION = YES;
				CLANG_WARN_COMMA = YES;
				CLANG_WARN_CONSTANT_CONVERSION = YES;
				CLANG_WARN_DEPRECATED_OBJC_IMPLEMENTATIONS = YES;
				CLANG_WARN_DIRECT_OBJC_ISA_USAGE = YES_ERROR;
				CLANG_WARN_DOCUMENTATION_COMMENTS = YES;
				CLANG_WARN_EMPTY_BODY = YES;
				CLANG_WARN_ENUM_CONVERSION = YES;
				CLANG_WARN_INFINITE_RECURSION = YES;
				CLANG_WARN_INT_CONVERSION = YES;
				CLANG_WARN_NON_LITERAL_NULL_CONVERSION = YES;
				CLANG_WARN_OBJC_IMPLICIT_RETAIN_SELF = YES;
				CLANG_WARN_OBJC_LITERAL_CONVERSION = YES;
				CLANG_WARN_OBJC_ROOT_CLASS = YES_ERROR;
				CLANG_WARN_QUOTED_INCLUDE_IN_FRAMEWORK_HEADER = YES;
				CLANG_WARN_RANGE_LOOP_ANALYSIS = YES;
				CLANG_WARN_STRICT_PROTOTYPES = YES;
				CLANG_WARN_SUSPICIOUS_MOVE = YES;
				CLANG_WARN_UNGUARDED_AVAILABILITY = YES_AGGRESSIVE;
				CLANG_WARN_UNREACHABLE_CODE = YES;
				CLANG_WARN__DUPLICATE_METHOD_MATCH = YES;
				COPY_PHASE_STRIP = NO;
				DEBUG_INFORMATION_FORMAT = dwarf;
				ENABLE_STRICT_OBJC_MSGSEND = YES;
				ENABLE_TESTABILITY = YES;
				ENABLE_USER_SCRIPT_SANDBOXING = YES;
				GCC_C_LANGUAGE_STANDARD = gnu17;
				GCC_DYNAMIC_NO_PIC = NO;
				GCC_NO_COMMON_BLOCKS = YES;
				GCC_OPTIMIZATION_LEVEL = 0;
				GCC_PREPROCESSOR_DEFINITIONS = (
					"DEBUG=1",
					"$(inherited)",
				);
				GCC_WARN_64_TO_32_BIT_CONVERSION = YES;
				GCC_WARN_ABOUT_RETURN_TYPE = YES_ERROR;
				GCC_WARN_UNDECLARED_SELECTOR = YES;
				GCC_WARN_UNINITIALIZED_AUTOS = YES_AGGRESSIVE;
				GCC_WARN_UNUSED_FUNCTION = YES;
				GCC_WARN_UNUSED_VARIABLE = YES;
				IPHONEOS_DEPLOYMENT_TARGET = 17.2;
				LOCALIZATION_PREFERS_STRING_CATALOGS = YES;
				MTL_ENABLE_DEBUG_INFO = INCLUDE_SOURCE;
				MTL_FAST_MATH = YES;
				ONLY_ACTIVE_ARCH = YES;
				SDKROOT = iphoneos;
				SWIFT_ACTIVE_COMPILATION_CONDITIONS = "DEBUG $(inherited)";
				SWIFT_OPTIMIZATION_LEVEL = "-Onone";
			};
			name = Debug;
		};
		460B899D2B7E9F6D000317BA /* Release */ = {
			isa = XCBuildConfiguration;
			buildSettings = {
				ALWAYS_SEARCH_USER_PATHS = NO;
				ASSETCATALOG_COMPILER_GENERATE_SWIFT_ASSET_SYMBOL_EXTENSIONS = YES;
				CLANG_ANALYZER_NONNULL = YES;
				CLANG_ANALYZER_NUMBER_OBJECT_CONVERSION = YES_AGGRESSIVE;
				CLANG_CXX_LANGUAGE_STANDARD = "gnu++20";
				CLANG_ENABLE_MODULES = YES;
				CLANG_ENABLE_OBJC_ARC = YES;
				CLANG_ENABLE_OBJC_WEAK = YES;
				CLANG_WARN_BLOCK_CAPTURE_AUTORELEASING = YES;
				CLANG_WARN_BOOL_CONVERSION = YES;
				CLANG_WARN_COMMA = YES;
				CLANG_WARN_CONSTANT_CONVERSION = YES;
				CLANG_WARN_DEPRECATED_OBJC_IMPLEMENTATIONS = YES;
				CLANG_WARN_DIRECT_OBJC_ISA_USAGE = YES_ERROR;
				CLANG_WARN_DOCUMENTATION_COMMENTS = YES;
				CLANG_WARN_EMPTY_BODY = YES;
				CLANG_WARN_ENUM_CONVERSION = YES;
				CLANG_WARN_INFINITE_RECURSION = YES;
				CLANG_WARN_INT_CONVERSION = YES;
				CLANG_WARN_NON_LITERAL_NULL_CONVERSION = YES;
				CLANG_WARN_OBJC_IMPLICIT_RETAIN_SELF = YES;
				CLANG_WARN_OBJC_LITERAL_CONVERSION = YES;
				CLANG_WARN_OBJC_ROOT_CLASS = YES_ERROR;
				CLANG_WARN_QUOTED_INCLUDE_IN_FRAMEWORK_HEADER = YES;
				CLANG_WARN_RANGE_LOOP_ANALYSIS = YES;
				CLANG_WARN_STRICT_PROTOTYPES = YES;
				CLANG_WARN_SUSPICIOUS_MOVE = YES;
				CLANG_WARN_UNGUARDED_AVAILABILITY = YES_AGGRESSIVE;
				CLANG_WARN_UNREACHABLE_CODE = YES;
				CLANG_WARN__DUPLICATE_METHOD_MATCH = YES;
				COPY_PHASE_STRIP = NO;
				DEBUG_INFORMATION_FORMAT = "dwarf-with-dsym";
				ENABLE_NS_ASSERTIONS = NO;
				ENABLE_STRICT_OBJC_MSGSEND = YES;
				ENABLE_USER_SCRIPT_SANDBOXING = YES;
				GCC_C_LANGUAGE_STANDARD = gnu17;
				GCC_NO_COMMON_BLOCKS = YES;
				GCC_WARN_64_TO_32_BIT_CONVERSION = YES;
				GCC_WARN_ABOUT_RETURN_TYPE = YES_ERROR;
				GCC_WARN_UNDECLARED_SELECTOR = YES;
				GCC_WARN_UNINITIALIZED_AUTOS = YES_AGGRESSIVE;
				GCC_WARN_UNUSED_FUNCTION = YES;
				GCC_WARN_UNUSED_VARIABLE = YES;
				IPHONEOS_DEPLOYMENT_TARGET = 17.2;
				LOCALIZATION_PREFERS_STRING_CATALOGS = YES;
				MTL_ENABLE_DEBUG_INFO = NO;
				MTL_FAST_MATH = YES;
				SDKROOT = iphoneos;
				SWIFT_COMPILATION_MODE = wholemodule;
				VALIDATE_PRODUCT = YES;
			};
			name = Release;
		};
		460B899F2B7E9F6D000317BA /* Debug */ = {
			isa = XCBuildConfiguration;
			buildSettings = {
				ASSETCATALOG_COMPILER_APPICON_NAME = AppIcon;
				ASSETCATALOG_COMPILER_GLOBAL_ACCENT_COLOR_NAME = AccentColor;
				CODE_SIGN_STYLE = Automatic;
				CURRENT_PROJECT_VERSION = 1;
				DEVELOPMENT_ASSET_PATHS = "\"Draughts/Preview Content\"";
				DEVELOPMENT_TEAM = FMB9HPF7CR;
				ENABLE_PREVIEWS = YES;
				GENERATE_INFOPLIST_FILE = YES;
				INFOPLIST_KEY_UIApplicationSceneManifest_Generation = YES;
				INFOPLIST_KEY_UIApplicationSupportsIndirectInputEvents = YES;
				INFOPLIST_KEY_UILaunchScreen_Generation = YES;
				INFOPLIST_KEY_UISupportedInterfaceOrientations_iPad = "UIInterfaceOrientationPortrait UIInterfaceOrientationPortraitUpsideDown UIInterfaceOrientationLandscapeLeft UIInterfaceOrientationLandscapeRight";
				INFOPLIST_KEY_UISupportedInterfaceOrientations_iPhone = "UIInterfaceOrientationPortrait UIInterfaceOrientationLandscapeLeft UIInterfaceOrientationLandscapeRight";
				LD_RUNPATH_SEARCH_PATHS = (
					"$(inherited)",
					"@executable_path/Frameworks",
				);
				MARKETING_VERSION = 1.0;
				PRODUCT_BUNDLE_IDENTIFIER = Gillian.Draughts;
				PRODUCT_NAME = "$(TARGET_NAME)";
				SWIFT_EMIT_LOC_STRINGS = YES;
				SWIFT_VERSION = 5.0;
				TARGETED_DEVICE_FAMILY = "1,2";
			};
			name = Debug;
		};
		460B89A02B7E9F6D000317BA /* Release */ = {
			isa = XCBuildConfiguration;
			buildSettings = {
				ASSETCATALOG_COMPILER_APPICON_NAME = AppIcon;
				ASSETCATALOG_COMPILER_GLOBAL_ACCENT_COLOR_NAME = AccentColor;
				CODE_SIGN_STYLE = Automatic;
				CURRENT_PROJECT_VERSION = 1;
				DEVELOPMENT_ASSET_PATHS = "\"Draughts/Preview Content\"";
				DEVELOPMENT_TEAM = FMB9HPF7CR;
				ENABLE_PREVIEWS = YES;
				GENERATE_INFOPLIST_FILE = YES;
				INFOPLIST_KEY_UIApplicationSceneManifest_Generation = YES;
				INFOPLIST_KEY_UIApplicationSupportsIndirectInputEvents = YES;
				INFOPLIST_KEY_UILaunchScreen_Generation = YES;
				INFOPLIST_KEY_UISupportedInterfaceOrientations_iPad = "UIInterfaceOrientationPortrait UIInterfaceOrientationPortraitUpsideDown UIInterfaceOrientationLandscapeLeft UIInterfaceOrientationLandscapeRight";
				INFOPLIST_KEY_UISupportedInterfaceOrientations_iPhone = "UIInterfaceOrientationPortrait UIInterfaceOrientationLandscapeLeft UIInterfaceOrientationLandscapeRight";
				LD_RUNPATH_SEARCH_PATHS = (
					"$(inherited)",
					"@executable_path/Frameworks",
				);
				MARKETING_VERSION = 1.0;
				PRODUCT_BUNDLE_IDENTIFIER = Gillian.Draughts;
				PRODUCT_NAME = "$(TARGET_NAME)";
				SWIFT_EMIT_LOC_STRINGS = YES;
				SWIFT_VERSION = 5.0;
				TARGETED_DEVICE_FAMILY = "1,2";
			};
			name = Release;
		};
		460B89A22B7E9F6D000317BA /* Debug */ = {
			isa = XCBuildConfiguration;
			buildSettings = {
				ALWAYS_EMBED_SWIFT_STANDARD_LIBRARIES = YES;
				BUNDLE_LOADER = "$(TEST_HOST)";
				CODE_SIGN_STYLE = Automatic;
				CURRENT_PROJECT_VERSION = 1;
				DEVELOPMENT_TEAM = FMB9HPF7CR;
				GENERATE_INFOPLIST_FILE = YES;
				IPHONEOS_DEPLOYMENT_TARGET = 17.2;
				MARKETING_VERSION = 1.0;
				PRODUCT_BUNDLE_IDENTIFIER = Gillian.DraughtsTests;
				PRODUCT_NAME = "$(TARGET_NAME)";
				SWIFT_EMIT_LOC_STRINGS = NO;
				SWIFT_VERSION = 5.0;
				TARGETED_DEVICE_FAMILY = "1,2";
				TEST_HOST = "$(BUILT_PRODUCTS_DIR)/Draughts.app/$(BUNDLE_EXECUTABLE_FOLDER_PATH)/Draughts";
			};
			name = Debug;
		};
		460B89A32B7E9F6D000317BA /* Release */ = {
			isa = XCBuildConfiguration;
			buildSettings = {
				ALWAYS_EMBED_SWIFT_STANDARD_LIBRARIES = YES;
				BUNDLE_LOADER = "$(TEST_HOST)";
				CODE_SIGN_STYLE = Automatic;
				CURRENT_PROJECT_VERSION = 1;
				DEVELOPMENT_TEAM = FMB9HPF7CR;
				GENERATE_INFOPLIST_FILE = YES;
				IPHONEOS_DEPLOYMENT_TARGET = 17.2;
				MARKETING_VERSION = 1.0;
				PRODUCT_BUNDLE_IDENTIFIER = Gillian.DraughtsTests;
				PRODUCT_NAME = "$(TARGET_NAME)";
				SWIFT_EMIT_LOC_STRINGS = NO;
				SWIFT_VERSION = 5.0;
				TARGETED_DEVICE_FAMILY = "1,2";
				TEST_HOST = "$(BUILT_PRODUCTS_DIR)/Draughts.app/$(BUNDLE_EXECUTABLE_FOLDER_PATH)/Draughts";
			};
			name = Release;
		};
		460B89A52B7E9F6D000317BA /* Debug */ = {
			isa = XCBuildConfiguration;
			buildSettings = {
				ALWAYS_EMBED_SWIFT_STANDARD_LIBRARIES = YES;
				CODE_SIGN_STYLE = Automatic;
				CURRENT_PROJECT_VERSION = 1;
				DEVELOPMENT_TEAM = FMB9HPF7CR;
				GENERATE_INFOPLIST_FILE = YES;
				MARKETING_VERSION = 1.0;
				PRODUCT_BUNDLE_IDENTIFIER = Gillian.DraughtsUITests;
				PRODUCT_NAME = "$(TARGET_NAME)";
				SWIFT_EMIT_LOC_STRINGS = NO;
				SWIFT_VERSION = 5.0;
				TARGETED_DEVICE_FAMILY = "1,2";
				TEST_TARGET_NAME = Draughts;
			};
			name = Debug;
		};
		460B89A62B7E9F6D000317BA /* Release */ = {
			isa = XCBuildConfiguration;
			buildSettings = {
				ALWAYS_EMBED_SWIFT_STANDARD_LIBRARIES = YES;
				CODE_SIGN_STYLE = Automatic;
				CURRENT_PROJECT_VERSION = 1;
				DEVELOPMENT_TEAM = FMB9HPF7CR;
				GENERATE_INFOPLIST_FILE = YES;
				MARKETING_VERSION = 1.0;
				PRODUCT_BUNDLE_IDENTIFIER = Gillian.DraughtsUITests;
				PRODUCT_NAME = "$(TARGET_NAME)";
				SWIFT_EMIT_LOC_STRINGS = NO;
				SWIFT_VERSION = 5.0;
				TARGETED_DEVICE_FAMILY = "1,2";
				TEST_TARGET_NAME = Draughts;
			};
			name = Release;
		};
/* End XCBuildConfiguration section */

/* Begin XCConfigurationList section */
		460B89752B7E9F69000317BA /* Build configuration list for PBXProject "Draughts" */ = {
			isa = XCConfigurationList;
			buildConfigurations = (
				460B899C2B7E9F6D000317BA /* Debug */,
				460B899D2B7E9F6D000317BA /* Release */,
			);
			defaultConfigurationIsVisible = 0;
			defaultConfigurationName = Release;
		};
		460B899E2B7E9F6D000317BA /* Build configuration list for PBXNativeTarget "Draughts" */ = {
			isa = XCConfigurationList;
			buildConfigurations = (
				460B899F2B7E9F6D000317BA /* Debug */,
				460B89A02B7E9F6D000317BA /* Release */,
			);
			defaultConfigurationIsVisible = 0;
			defaultConfigurationName = Release;
		};
		460B89A12B7E9F6D000317BA /* Build configuration list for PBXNativeTarget "DraughtsTests" */ = {
			isa = XCConfigurationList;
			buildConfigurations = (
				460B89A22B7E9F6D000317BA /* Debug */,
				460B89A32B7E9F6D000317BA /* Release */,
			);
			defaultConfigurationIsVisible = 0;
			defaultConfigurationName = Release;
		};
		460B89A42B7E9F6D000317BA /* Build configuration list for PBXNativeTarget "DraughtsUITests" */ = {
			isa = XCConfigurationList;
			buildConfigurations = (
				460B89A52B7E9F6D000317BA /* Debug */,
				460B89A62B7E9F6D000317BA /* Release */,
			);
			defaultConfigurationIsVisible = 0;
			defaultConfigurationName = Release;
		};
/* End XCConfigurationList section */
	};
	rootObject = 460B89722B7E9F69000317BA /* Project object */;
}
